
Microsoft Visual Studio Solution File, Format Version 11.00
# Visual Basic Express 2010
Project("{F184B08F-C81C-45F6-A57F-5ABD9991F28F}") = "InventoryManagementSystem", "InventoryManagementSystem\InventoryManagementSystem.vbproj", "{E342D7E3-F6E3-4992-B4FF-5BD7FE61CFD2}"
EndProject
Global
	GlobalSection(SolutionConfigurationPlatforms) = preSolution
		Debug|x86 = Debug|x86
		Release|x86 = Release|x86
	EndGlobalSection
	GlobalSection(ProjectConfigurationPlatforms) = postSolution
		{E342D7E3-F6E3-4992-B4FF-5BD7FE61CFD2}.Debug|x86.ActiveCfg = Debug|x86
		{E342D7E3-F6E3-4992-B4FF-5BD7FE61CFD2}.Debug|x86.Build.0 = Debug|x86
		{E342D7E3-F6E3-4992-B4FF-5BD7FE61CFD2}.Release|x86.ActiveCfg = Release|x86
		{E342D7E3-F6E3-4992-B4FF-5BD7FE61CFD2}.Release|x86.Build.0 = Release|x86
	EndGlobalSection
	GlobalSection(SolutionProperties) = preSolution
		HideSolutionNode = FALSE
	EndGlobalSection
EndGlobal
